
Microsoft Visual Studio Solution File, Format Version 12.00
# Visual Studio Version 17
VisualStudioVersion = 17.9.34622.214
MinimumVisualStudioVersion = 10.0.40219.1
Project("{9A19103F-16F7-4668-BE54-9A1E7A4F7556}") = "Movies.API", "Movies.API\Movies.API.csproj", "{35244192-993F-4F92-A697-B4C67DE7DE8C}"
EndProject
Project("{9A19103F-16F7-4668-BE54-9A1E7A4F7556}") = "IdentityServer", "IdentityServer\IdentityServer.csproj", "{DD2CE85D-67B0-4C61-9D27-9D0B8B5A2FE3}"
EndProject
Project("{9A19103F-16F7-4668-BE54-9A1E7A4F7556}") = "Movies.Client", "Movies.Client\Movies.Client.csproj", "{7B517373-0287-4E88-81D6-35D30A597BC8}"
EndProject
Project("{FAE04EC0-301F-11D3-BF4B-00C04F79EFBC}") = "CustomJwtServer", "CustomJwtServer\CustomJwtServer.csproj", "{C0AF68C2-1120-424F-820B-114934E77E05}"
EndProject
Global
	GlobalSection(SolutionConfigurationPlatforms) = preSolution
		Debug|Any CPU = Debug|Any CPU
		Release|Any CPU = Release|Any CPU
	EndGlobalSection
	GlobalSection(ProjectConfigurationPlatforms) = postSolution
		{35244192-993F-4F92-A697-B4C67DE7DE8C}.Debug|Any CPU.ActiveCfg = Debug|Any CPU
		{35244192-993F-4F92-A697-B4C67DE7DE8C}.Debug|Any CPU.Build.0 = Debug|Any CPU
		{35244192-993F-4F92-A697-B4C67DE7DE8C}.Release|Any CPU.ActiveCfg = Release|Any CPU
		{35244192-993F-4F92-A697-B4C67DE7DE8C}.Release|Any CPU.Build.0 = Release|Any CPU
		{DD2CE85D-67B0-4C61-9D27-9D0B8B5A2FE3}.Debug|Any CPU.ActiveCfg = Debug|Any CPU
		{DD2CE85D-67B0-4C61-9D27-9D0B8B5A2FE3}.Debug|Any CPU.Build.0 = Debug|Any CPU
		{DD2CE85D-67B0-4C61-9D27-9D0B8B5A2FE3}.Release|Any CPU.ActiveCfg = Release|Any CPU
		{DD2CE85D-67B0-4C61-9D27-9D0B8B5A2FE3}.Release|Any CPU.Build.0 = Release|Any CPU
		{7B517373-0287-4E88-81D6-35D30A597BC8}.Debug|Any CPU.ActiveCfg = Debug|Any CPU
		{7B517373-0287-4E88-81D6-35D30A597BC8}.Debug|Any CPU.Build.0 = Debug|Any CPU
		{7B517373-0287-4E88-81D6-35D30A597BC8}.Release|Any CPU.ActiveCfg = Release|Any CPU
		{7B517373-0287-4E88-81D6-35D30A597BC8}.Release|Any CPU.Build.0 = Release|Any CPU
		{C0AF68C2-1120-424F-820B-114934E77E05}.Debug|Any CPU.ActiveCfg = Debug|Any CPU
		{C0AF68C2-1120-424F-820B-114934E77E05}.Debug|Any CPU.Build.0 = Debug|Any CPU
		{C0AF68C2-1120-424F-820B-114934E77E05}.Release|Any CPU.ActiveCfg = Release|Any CPU
		{C0AF68C2-1120-424F-820B-114934E77E05}.Release|Any CPU.Build.0 = Release|Any CPU
	EndGlobalSection
	GlobalSection(SolutionProperties) = preSolution
		HideSolutionNode = FALSE
	EndGlobalSection
	GlobalSection(ExtensibilityGlobals) = postSolution
		SolutionGuid = {F1C3051F-6427-4B77-A757-035B54C97EB6}
	EndGlobalSection
EndGlobal
